// !$*UTF8*$!
{
	archiveVersion = 1;
	classes = {};
	objectVersion = 77;
	objects = {
		A1000000000000000000001B /* WholeMacScanModel.swift in Sources */ = {isa = PBXBuildFile; fileRef = A2000000000000000000001B; };
		A2000000000000000000001B /* WholeMacScanModel.swift */ = {isa = PBXFileReference; lastKnownFileType = sourcecode.swift; path = WholeMacScanModel.swift; sourceTree = "<group>"; };
		A1000000000000000000001C /* WholeMacScanView.swift in Sources */ = {isa = PBXBuildFile; fileRef = A2000000000000000000001C; };
		A2000000000000000000001C /* WholeMacScanView.swift */ = {isa = PBXFileReference; lastKnownFileType = sourcecode.swift; path = WholeMacScanView.swift; sourceTree = "<group>"; };
		A1000000000000000000001D /* WholeMacScanTests.swift in Sources */ = {isa = PBXBuildFile; fileRef = A2000000000000000000001D; };
		A2000000000000000000001D /* WholeMacScanTests.swift */ = {isa = PBXFileReference; lastKnownFileType = sourcecode.swift; path = WholeMacScanTests.swift; sourceTree = "<group>"; };


		A10000000000000000000001 /* HygieiaApp.swift in Sources */ = {isa = PBXBuildFile; fileRef = A20000000000000000000001 /* HygieiaApp.swift */; };
		A10000000000000000000002 /* AppComposition.swift in Sources */ = {isa = PBXBuildFile; fileRef = A20000000000000000000002 /* AppComposition.swift */; };
		A10000000000000000000003 /* AppCommands.swift in Sources */ = {isa = PBXBuildFile; fileRef = A20000000000000000000003 /* AppCommands.swift */; };
		A10000000000000000000004 /* FolderPicker.swift in Sources */ = {isa = PBXBuildFile; fileRef = A20000000000000000000004 /* FolderPicker.swift */; };
		A10000000000000000000005 /* FolderAccessLease.swift in Sources */ = {isa = PBXBuildFile; fileRef = A20000000000000000000005 /* FolderAccessLease.swift */; };
		A10000000000000000000006 /* ScanPhase.swift in Sources */ = {isa = PBXBuildFile; fileRef = A20000000000000000000006 /* ScanPhase.swift */; };
		A10000000000000000000007 /* ScanFeatureModel.swift in Sources */ = {isa = PBXBuildFile; fileRef = A20000000000000000000007 /* ScanFeatureModel.swift */; };
		A10000000000000000000008 /* ScanRootView.swift in Sources */ = {isa = PBXBuildFile; fileRef = A20000000000000000000008 /* ScanRootView.swift */; };
		A10000000000000000000009 /* ScanStatusView.swift in Sources */ = {isa = PBXBuildFile; fileRef = A20000000000000000000009 /* ScanStatusView.swift */; };
		A1000000000000000000000A /* LargestItemRow.swift in Sources */ = {isa = PBXBuildFile; fileRef = A2000000000000000000000A /* LargestItemRow.swift */; };
		A1000000000000000000000B /* LargestItemsProjector.swift in Sources */ = {isa = PBXBuildFile; fileRef = A2000000000000000000000B /* LargestItemsProjector.swift */; };
		A1000000000000000000000C /* LargestItemsTable.swift in Sources */ = {isa = PBXBuildFile; fileRef = A2000000000000000000000C /* LargestItemsTable.swift */; };
		A1000000000000000000000D /* FileDetailsView.swift in Sources */ = {isa = PBXBuildFile; fileRef = A2000000000000000000000D /* FileDetailsView.swift */; };
		A1000000000000000000000E /* HygieiaDomain */ = {isa = PBXBuildFile; productRef = A40000000000000000000001 /* HygieiaDomain */; };
		A1000000000000000000000F /* HygieiaScannerCore */ = {isa = PBXBuildFile; productRef = A40000000000000000000002 /* HygieiaScannerCore */; };
		A10000000000000000000010 /* HygieiaFoundationScanner */ = {isa = PBXBuildFile; productRef = A40000000000000000000003 /* HygieiaFoundationScanner */; };
		A10000000000000000000013 /* HygieiaVisualization */ = {isa = PBXBuildFile; productRef = A40000000000000000000004 /* HygieiaVisualization */; };
		A10000000000000000000014 /* AppKitFileActionServices.swift in Sources */ = {isa = PBXBuildFile; fileRef = A20000000000000000000014 /* AppKitFileActionServices.swift */; };
		A10000000000000000000015 /* FileActionState.swift in Sources */ = {isa = PBXBuildFile; fileRef = A20000000000000000000015 /* FileActionState.swift */; };
		A10000000000000000000016 /* HygieiaFileOperations */ = {isa = PBXBuildFile; productRef = A40000000000000000000005 /* HygieiaFileOperations */; };
		A10000000000000000000017 /* HygieiaDesignSystem.swift in Sources */ = {isa = PBXBuildFile; fileRef = A20000000000000000000016 /* HygieiaDesignSystem.swift */; };
		A10000000000000000000018 /* Assets.xcassets in Resources */ = {isa = PBXBuildFile; fileRef = A20000000000000000000017 /* Assets.xcassets */; };
		A10000000000000000000011 /* LargestItemsProjectorTests.swift in Sources */ = {isa = PBXBuildFile; fileRef = A2000000000000000000000F /* LargestItemsProjectorTests.swift */; };
		A10000000000000000000012 /* HygieiaAppUITests.swift in Sources */ = {isa = PBXBuildFile; fileRef = A20000000000000000000010 /* HygieiaAppUITests.swift */; };

		A10000000000000000000019 /* VolumeDiscovery.swift in Sources */ = {isa = PBXBuildFile; fileRef = A20000000000000000000018; };
		A20000000000000000000018 /* VolumeDiscovery.swift */ = {isa = PBXFileReference; lastKnownFileType = sourcecode.swift; path = VolumeDiscovery.swift; sourceTree = "<group>"; };

		A1000000000000000000001A /* VolumeCoverageTests.swift in Sources */ = {isa = PBXBuildFile; fileRef = A20000000000000000000019; };
		A20000000000000000000019 /* VolumeCoverageTests.swift */ = {isa = PBXFileReference; lastKnownFileType = sourcecode.swift; path = VolumeCoverageTests.swift; sourceTree = "<group>"; };

		A20000000000000000000001 /* HygieiaApp.swift */ = {isa = PBXFileReference; lastKnownFileType = sourcecode.swift; path = HygieiaApp.swift; sourceTree = "<group>"; };
		A20000000000000000000002 /* AppComposition.swift */ = {isa = PBXFileReference; lastKnownFileType = sourcecode.swift; path = AppComposition.swift; sourceTree = "<group>"; };
		A20000000000000000000003 /* AppCommands.swift */ = {isa = PBXFileReference; lastKnownFileType = sourcecode.swift; path = AppCommands.swift; sourceTree = "<group>"; };
		A20000000000000000000004 /* FolderPicker.swift */ = {isa = PBXFileReference; lastKnownFileType = sourcecode.swift; path = FolderPicker.swift; sourceTree = "<group>"; };
		A20000000000000000000005 /* FolderAccessLease.swift */ = {isa = PBXFileReference; lastKnownFileType = sourcecode.swift; path = FolderAccessLease.swift; sourceTree = "<group>"; };
		A20000000000000000000006 /* ScanPhase.swift */ = {isa = PBXFileReference; lastKnownFileType = sourcecode.swift; path = ScanPhase.swift; sourceTree = "<group>"; };
		A20000000000000000000007 /* ScanFeatureModel.swift */ = {isa = PBXFileReference; lastKnownFileType = sourcecode.swift; path = ScanFeatureModel.swift; sourceTree = "<group>"; };
		A20000000000000000000008 /* ScanRootView.swift */ = {isa = PBXFileReference; lastKnownFileType = sourcecode.swift; path = ScanRootView.swift; sourceTree = "<group>"; };
		A20000000000000000000009 /* ScanStatusView.swift */ = {isa = PBXFileReference; lastKnownFileType = sourcecode.swift; path = ScanStatusView.swift; sourceTree = "<group>"; };
		A2000000000000000000000A /* LargestItemRow.swift */ = {isa = PBXFileReference; lastKnownFileType = sourcecode.swift; path = LargestItemRow.swift; sourceTree = "<group>"; };
		A2000000000000000000000B /* LargestItemsProjector.swift */ = {isa = PBXFileReference; lastKnownFileType = sourcecode.swift; path = LargestItemsProjector.swift; sourceTree = "<group>"; };
		A2000000000000000000000C /* LargestItemsTable.swift */ = {isa = PBXFileReference; lastKnownFileType = sourcecode.swift; path = LargestItemsTable.swift; sourceTree = "<group>"; };
		A2000000000000000000000D /* FileDetailsView.swift */ = {isa = PBXFileReference; lastKnownFileType = sourcecode.swift; path = FileDetailsView.swift; sourceTree = "<group>"; };
		A2000000000000000000000E /* Hygieia.entitlements */ = {isa = PBXFileReference; lastKnownFileType = text.plist.entitlements; path = Hygieia.entitlements; sourceTree = "<group>"; };
		A2000000000000000000000F /* LargestItemsProjectorTests.swift */ = {isa = PBXFileReference; lastKnownFileType = sourcecode.swift; path = LargestItemsProjectorTests.swift; sourceTree = "<group>"; };
		A20000000000000000000010 /* HygieiaAppUITests.swift */ = {isa = PBXFileReference; lastKnownFileType = sourcecode.swift; path = HygieiaAppUITests.swift; sourceTree = "<group>"; };
		A20000000000000000000011 /* Hygieia.app */ = {isa = PBXFileReference; explicitFileType = wrapper.application; includeInIndex = 0; path = Hygieia.app; sourceTree = BUILT_PRODUCTS_DIR; };
		A20000000000000000000012 /* HygieiaAppTests.xctest */ = {isa = PBXFileReference; explicitFileType = wrapper.cfbundle; includeInIndex = 0; path = HygieiaAppTests.xctest; sourceTree = BUILT_PRODUCTS_DIR; };
		A20000000000000000000013 /* HygieiaAppUITests.xctest */ = {isa = PBXFileReference; explicitFileType = wrapper.cfbundle; includeInIndex = 0; path = HygieiaAppUITests.xctest; sourceTree = BUILT_PRODUCTS_DIR; };
		A20000000000000000000014 /* AppKitFileActionServices.swift */ = {isa = PBXFileReference; lastKnownFileType = sourcecode.swift; path = AppKitFileActionServices.swift; sourceTree = "<group>"; };
		A20000000000000000000015 /* FileActionState.swift */ = {isa = PBXFileReference; lastKnownFileType = sourcecode.swift; path = FileActionState.swift; sourceTree = "<group>"; };
		A20000000000000000000016 /* HygieiaDesignSystem.swift */ = {isa = PBXFileReference; lastKnownFileType = sourcecode.swift; path = HygieiaDesignSystem.swift; sourceTree = "<group>"; };
		A20000000000000000000017 /* Assets.xcassets */ = {isa = PBXFileReference; lastKnownFileType = folder.assetcatalog; path = Assets.xcassets; sourceTree = "<group>"; };

		A30000000000000000000001 = {isa = PBXGroup; children = (A30000000000000000000002 /* App */, A30000000000000000000003 /* Features */, A30000000000000000000004 /* Tests */, A30000000000000000000005 /* Products */); sourceTree = "<group>"; };
		A30000000000000000000002 /* App */ = {isa = PBXGroup; path = App; sourceTree = "<group>"; children = (A20000000000000000000001, A20000000000000000000002, A20000000000000000000003, A2000000000000000000000E, A20000000000000000000017 /* Assets.xcassets */, A30000000000000000000006 /* Platform */); };
		A30000000000000000000003 /* Features */ = {isa = PBXGroup; path = Features; sourceTree = "<group>"; children = (A3000000000000000000000C /* DesignSystem */, A30000000000000000000007 /* Scan */, A30000000000000000000008 /* Explorer */, A30000000000000000000009 /* FileDetails */); };
		A30000000000000000000004 /* Tests */ = {isa = PBXGroup; path = Tests; sourceTree = "<group>"; children = (A3000000000000000000000A /* AppTests */, A3000000000000000000000B /* AppUITests */); };
		A30000000000000000000005 /* Products */ = {isa = PBXGroup; children = (A20000000000000000000011, A20000000000000000000012, A20000000000000000000013); name = Products; sourceTree = "<group>"; };
		A30000000000000000000006 /* Platform */ = {isa = PBXGroup; path = Platform; sourceTree = "<group>"; children = (A20000000000000000000004, A20000000000000000000005, A20000000000000000000014, A20000000000000000000018); };
		A30000000000000000000007 /* Scan */ = {isa = PBXGroup; path = Scan; sourceTree = "<group>"; children = (A20000000000000000000006, A20000000000000000000007, A20000000000000000000008, A20000000000000000000009, A2000000000000000000001B, A2000000000000000000001C); };
		A30000000000000000000008 /* Explorer */ = {isa = PBXGroup; path = Explorer; sourceTree = "<group>"; children = (A2000000000000000000000A, A2000000000000000000000B, A2000000000000000000000C); };
		A30000000000000000000009 /* FileDetails */ = {isa = PBXGroup; path = FileDetails; sourceTree = "<group>"; children = (A2000000000000000000000D, A20000000000000000000015); };
		A3000000000000000000000A /* AppTests */ = {isa = PBXGroup; path = AppTests; sourceTree = "<group>"; children = (A2000000000000000000000F, A20000000000000000000019, A2000000000000000000001D); };
		A3000000000000000000000B /* AppUITests */ = {isa = PBXGroup; path = AppUITests; sourceTree = "<group>"; children = (A20000000000000000000010); };
		A3000000000000000000000C /* DesignSystem */ = {isa = PBXGroup; path = DesignSystem; sourceTree = "<group>"; children = (A20000000000000000000016); };

		A50000000000000000000001 /* Frameworks */ = {isa = PBXFrameworksBuildPhase; buildActionMask = 2147483647; files = (A1000000000000000000000E, A1000000000000000000000F, A10000000000000000000010, A10000000000000000000013, A10000000000000000000016); runOnlyForDeploymentPostprocessing = 0; };
		A50000000000000000000002 /* Sources */ = {isa = PBXSourcesBuildPhase; buildActionMask = 2147483647; files = (A10000000000000000000001, A10000000000000000000002, A10000000000000000000003, A10000000000000000000004, A10000000000000000000005, A10000000000000000000006, A10000000000000000000007, A10000000000000000000008, A10000000000000000000009, A1000000000000000000000A, A1000000000000000000000B, A1000000000000000000000C, A1000000000000000000000D, A10000000000000000000014, A10000000000000000000015, A10000000000000000000017, A10000000000000000000019, A1000000000000000000001B, A1000000000000000000001C); runOnlyForDeploymentPostprocessing = 0; };
		A50000000000000000000003 /* Sources */ = {isa = PBXSourcesBuildPhase; buildActionMask = 2147483647; files = (A10000000000000000000011, A1000000000000000000001A, A1000000000000000000001D); runOnlyForDeploymentPostprocessing = 0; };
		A50000000000000000000004 /* Sources */ = {isa = PBXSourcesBuildPhase; buildActionMask = 2147483647; files = (A10000000000000000000012); runOnlyForDeploymentPostprocessing = 0; };
		A50000000000000000000005 /* Resources */ = {isa = PBXResourcesBuildPhase; buildActionMask = 2147483647; files = (A10000000000000000000018 /* Assets.xcassets in Resources */); runOnlyForDeploymentPostprocessing = 0; };

		A60000000000000000000001 /* Hygieia */ = {isa = PBXNativeTarget; buildConfigurationList = A70000000000000000000002; buildPhases = (A50000000000000000000002, A50000000000000000000001, A50000000000000000000005); buildRules = (); dependencies = (); name = Hygieia; packageProductDependencies = (A40000000000000000000001, A40000000000000000000002, A40000000000000000000003, A40000000000000000000004, A40000000000000000000005); productName = Hygieia; productReference = A20000000000000000000011; productType = "com.apple.product-type.application"; };
		A60000000000000000000002 /* HygieiaAppTests */ = {isa = PBXNativeTarget; buildConfigurationList = A70000000000000000000003; buildPhases = (A50000000000000000000003); buildRules = (); dependencies = (A80000000000000000000001); name = HygieiaAppTests; productName = HygieiaAppTests; productReference = A20000000000000000000012; productType = "com.apple.product-type.bundle.unit-test"; };
		A60000000000000000000003 /* HygieiaAppUITests */ = {isa = PBXNativeTarget; buildConfigurationList = A70000000000000000000004; buildPhases = (A50000000000000000000004); buildRules = (); dependencies = (A80000000000000000000002); name = HygieiaAppUITests; productName = HygieiaAppUITests; productReference = A20000000000000000000013; productType = "com.apple.product-type.bundle.ui-testing"; };

		A80000000000000000000001 = {isa = PBXTargetDependency; target = A60000000000000000000001; };
		A80000000000000000000002 = {isa = PBXTargetDependency; target = A60000000000000000000001; };

		A40000000000000000000001 /* HygieiaDomain */ = {isa = XCSwiftPackageProductDependency; package = A90000000000000000000001; productName = HygieiaDomain; };
		A40000000000000000000002 /* HygieiaScannerCore */ = {isa = XCSwiftPackageProductDependency; package = A90000000000000000000001; productName = HygieiaScannerCore; };
		A40000000000000000000003 /* HygieiaFoundationScanner */ = {isa = XCSwiftPackageProductDependency; package = A90000000000000000000001; productName = HygieiaFoundationScanner; };
		A40000000000000000000004 /* HygieiaVisualization */ = {isa = XCSwiftPackageProductDependency; package = A90000000000000000000001; productName = HygieiaVisualization; };
		A40000000000000000000005 /* HygieiaFileOperations */ = {isa = XCSwiftPackageProductDependency; package = A90000000000000000000001; productName = HygieiaFileOperations; };
		A90000000000000000000001 /* Hygieia */ = {isa = XCLocalSwiftPackageReference; relativePath = .; };

		A70000000000000000000001 = {isa = XCBuildConfiguration; buildSettings = { ALWAYS_SEARCH_USER_PATHS = NO; CLANG_ENABLE_MODULES = YES; MACOSX_DEPLOYMENT_TARGET = 14.0; SDKROOT = macosx; SWIFT_VERSION = 6.0; }; name = Debug; };
		A70000000000000000000005 = {isa = XCBuildConfiguration; buildSettings = { ALWAYS_SEARCH_USER_PATHS = NO; CLANG_ENABLE_MODULES = YES; MACOSX_DEPLOYMENT_TARGET = 14.0; SDKROOT = macosx; SWIFT_COMPILATION_MODE = wholemodule; SWIFT_VERSION = 6.0; }; name = Release; };
		A70000000000000000000006 = {isa = XCBuildConfiguration; buildSettings = { ARCHS = arm64; ASSETCATALOG_COMPILER_APPICON_NAME = AppIcon; CODE_SIGN_ENTITLEMENTS = App/Hygieia.entitlements; CODE_SIGN_STYLE = Automatic; COMBINE_HIDPI_IMAGES = YES; CURRENT_PROJECT_VERSION = 1; ENABLE_TESTABILITY = YES; GENERATE_INFOPLIST_FILE = YES; INFOPLIST_KEY_CFBundleDisplayName = Hygieia; INFOPLIST_KEY_LSApplicationCategoryType = "public.app-category.utilities"; LD_RUNPATH_SEARCH_PATHS = "$(inherited) @executable_path/../Frameworks"; MACOSX_DEPLOYMENT_TARGET = 14.0; MARKETING_VERSION = 0.2.0; PRODUCT_BUNDLE_IDENTIFIER = com.gollardo.Hygieia; PRODUCT_NAME = "$(TARGET_NAME)"; SWIFT_STRICT_CONCURRENCY = complete; SWIFT_VERSION = 6.0; }; name = Debug; };
		A70000000000000000000007 = {isa = XCBuildConfiguration; buildSettings = { ARCHS = arm64; ASSETCATALOG_COMPILER_APPICON_NAME = AppIcon; CODE_SIGN_ENTITLEMENTS = App/Hygieia.entitlements; CODE_SIGN_STYLE = Automatic; COMBINE_HIDPI_IMAGES = YES; CURRENT_PROJECT_VERSION = 1; ENABLE_HARDENED_RUNTIME = YES; GENERATE_INFOPLIST_FILE = YES; INFOPLIST_KEY_CFBundleDisplayName = Hygieia; INFOPLIST_KEY_LSApplicationCategoryType = "public.app-category.utilities"; LD_RUNPATH_SEARCH_PATHS = "$(inherited) @executable_path/../Frameworks"; MACOSX_DEPLOYMENT_TARGET = 14.0; MARKETING_VERSION = 0.2.0; PRODUCT_BUNDLE_IDENTIFIER = com.gollardo.Hygieia; PRODUCT_NAME = "$(TARGET_NAME)"; SWIFT_COMPILATION_MODE = wholemodule; SWIFT_STRICT_CONCURRENCY = complete; SWIFT_VERSION = 6.0; }; name = Release; };
		A70000000000000000000008 = {isa = XCBuildConfiguration; buildSettings = { ARCHS = arm64; BUNDLE_LOADER = "$(TEST_HOST)"; GENERATE_INFOPLIST_FILE = YES; MACOSX_DEPLOYMENT_TARGET = 14.0; PRODUCT_BUNDLE_IDENTIFIER = com.gollardo.HygieiaTests; PRODUCT_NAME = "$(TARGET_NAME)"; SWIFT_VERSION = 6.0; TEST_HOST = "$(BUILT_PRODUCTS_DIR)/Hygieia.app/Contents/MacOS/Hygieia"; }; name = Debug; };
		A70000000000000000000009 = {isa = XCBuildConfiguration; buildSettings = { ARCHS = arm64; BUNDLE_LOADER = "$(TEST_HOST)"; GENERATE_INFOPLIST_FILE = YES; MACOSX_DEPLOYMENT_TARGET = 14.0; PRODUCT_BUNDLE_IDENTIFIER = com.gollardo.HygieiaTests; PRODUCT_NAME = "$(TARGET_NAME)"; SWIFT_VERSION = 6.0; TEST_HOST = "$(BUILT_PRODUCTS_DIR)/Hygieia.app/Contents/MacOS/Hygieia"; }; name = Release; };
		A7000000000000000000000A = {isa = XCBuildConfiguration; buildSettings = { ARCHS = arm64; GENERATE_INFOPLIST_FILE = YES; MACOSX_DEPLOYMENT_TARGET = 14.0; PRODUCT_BUNDLE_IDENTIFIER = com.gollardo.HygieiaUITests; PRODUCT_NAME = "$(TARGET_NAME)"; SWIFT_VERSION = 6.0; TEST_TARGET_NAME = Hygieia; }; name = Debug; };
		A7000000000000000000000B = {isa = XCBuildConfiguration; buildSettings = { ARCHS = arm64; GENERATE_INFOPLIST_FILE = YES; MACOSX_DEPLOYMENT_TARGET = 14.0; PRODUCT_BUNDLE_IDENTIFIER = com.gollardo.HygieiaUITests; PRODUCT_NAME = "$(TARGET_NAME)"; SWIFT_VERSION = 6.0; TEST_TARGET_NAME = Hygieia; }; name = Release; };
		A70000000000000000000002 = {isa = XCConfigurationList; buildConfigurations = (A70000000000000000000006, A70000000000000000000007); defaultConfigurationIsVisible = 0; defaultConfigurationName = Release; };
		A70000000000000000000003 = {isa = XCConfigurationList; buildConfigurations = (A70000000000000000000008, A70000000000000000000009); defaultConfigurationIsVisible = 0; defaultConfigurationName = Release; };
		A70000000000000000000004 = {isa = XCConfigurationList; buildConfigurations = (A7000000000000000000000A, A7000000000000000000000B); defaultConfigurationIsVisible = 0; defaultConfigurationName = Release; };
		A7000000000000000000000C = {isa = XCConfigurationList; buildConfigurations = (A70000000000000000000001, A70000000000000000000005); defaultConfigurationIsVisible = 0; defaultConfigurationName = Release; };

		A00000000000000000000001 /* Project object */ = {isa = PBXProject; attributes = { BuildIndependentTargetsInParallel = 1; LastSwiftUpdateCheck = 1600; LastUpgradeCheck = 1600; TargetAttributes = { A60000000000000000000001 = { CreatedOnToolsVersion = 16.0; }; A60000000000000000000002 = { CreatedOnToolsVersion = 16.0; TestTargetID = A60000000000000000000001; }; A60000000000000000000003 = { CreatedOnToolsVersion = 16.0; TestTargetID = A60000000000000000000001; }; }; }; buildConfigurationList = A7000000000000000000000C; compatibilityVersion = "Xcode 16.0"; developmentRegion = en; hasScannedForEncodings = 0; knownRegions = (en, Base); mainGroup = A30000000000000000000001; packageReferences = (A90000000000000000000001); productRefGroup = A30000000000000000000005; projectDirPath = ""; projectRoot = ""; targets = (A60000000000000000000001, A60000000000000000000002, A60000000000000000000003); };
	};
	rootObject = A00000000000000000000001 /* Project object */;
}
